Microsoft Visual Studio Solution File, Format Version 12.00
# Visual Studio Version 17
VisualStudioVersion = 17.14.36414.22
MinimumVisualStudioVersion = 10.0.40219.1
Project("{FAE04EC0-301F-11D3-BF4B-00C04F79EFBC}") = "Dutchskull.Aspire.Unity3D.AppHost", "Dutchskull.Aspire.AppHost.Unity3D.AppHost\Dutchskull.Aspire.Unity3D.AppHost.csproj", "{FB10BE8F-E4CD-49C6-8FAE-80F1DE829AF9}"
EndProject
Project("{FAE04EC0-301F-11D3-BF4B-00C04F79EFBC}") = "Dutchskull.Aspire.Unity3D.ServiceDefaults", "Dutchskull.Aspire.AppHost.Unity3D.ServiceDefaults\Dutchskull.Aspire.Unity3D.ServiceDefaults.csproj", "{3548A5EA-19B3-5A1E-90AA-7AD470FADBF6}"
EndProject
Project("{FAE04EC0-301F-11D3-BF4B-00C04F79EFBC}") = "Dutchskull.Aspire.Unity3D.Hosting", "Dutchskull.Aspire.AppHost.Unity3D\Dutchskull.Aspire.Unity3D.Hosting.csproj", "{EA3652A6-6E44-4663-8B7C-7F2365BD252E}"
EndProject
Project("{2150E333-8FDC-42A3-9474-1A3956D46DE8}") = "Solution Items", "Solution Items", "{02EA681E-C7D8-13C7-8484-4AC65E1B71E8}"
	ProjectSection(SolutionItems) = preProject
		.editorconfig = .editorconfig
		Directory.Builds.props = Directory.Builds.props
	EndProjectSection
EndProject
Project("{FAE04EC0-301F-11D3-BF4B-00C04F79EFBC}") = "Dutchskull.Aspire.Apphost.Unity3D.Api", "Dutchskull.Aspire.Apphost.Unity3D.Api\Dutchskull.Aspire.Apphost.Unity3D.Api.csproj", "{DF91FF69-2201-0685-8EF6-BCF37F0172A5}"
EndProject
Global
	GlobalSection(SolutionConfigurationPlatforms) = preSolution
		Debug|Any CPU = Debug|Any CPU
		Release|Any CPU = Release|Any CPU
	EndGlobalSection
	GlobalSection(ProjectConfigurationPlatforms) = postSolution
		{FB10BE8F-E4CD-49C6-8FAE-80F1DE829AF9}.Debug|Any CPU.ActiveCfg = Debug|Any CPU
		{FB10BE8F-E4CD-49C6-8FAE-80F1DE829AF9}.Debug|Any CPU.Build.0 = Debug|Any CPU
		{FB10BE8F-E4CD-49C6-8FAE-80F1DE829AF9}.Release|Any CPU.ActiveCfg = Release|Any CPU
		{FB10BE8F-E4CD-49C6-8FAE-80F1DE829AF9}.Release|Any CPU.Build.0 = Release|Any CPU
		{3548A5EA-19B3-5A1E-90AA-7AD470FADBF6}.Debug|Any CPU.ActiveCfg = Debug|Any CPU
		{3548A5EA-19B3-5A1E-90AA-7AD470FADBF6}.Debug|Any CPU.Build.0 = Debug|Any CPU
		{3548A5EA-19B3-5A1E-90AA-7AD470FADBF6}.Release|Any CPU.ActiveCfg = Release|Any CPU
		{3548A5EA-19B3-5A1E-90AA-7AD470FADBF6}.Release|Any CPU.Build.0 = Release|Any CPU
		{EA3652A6-6E44-4663-8B7C-7F2365BD252E}.Debug|Any CPU.ActiveCfg = Debug|Any CPU
		{EA3652A6-6E44-4663-8B7C-7F2365BD252E}.Debug|Any CPU.Build.0 = Debug|Any CPU
		{EA3652A6-6E44-4663-8B7C-7F2365BD252E}.Release|Any CPU.ActiveCfg = Release|Any CPU
		{EA3652A6-6E44-4663-8B7C-7F2365BD252E}.Release|Any CPU.Build.0 = Release|Any CPU
		{DF91FF69-2201-0685-8EF6-BCF37F0172A5}.Debug|Any CPU.ActiveCfg = Debug|Any CPU
		{DF91FF69-2201-0685-8EF6-BCF37F0172A5}.Debug|Any CPU.Build.0 = Debug|Any CPU
		{DF91FF69-2201-0685-8EF6-BCF37F0172A5}.Release|Any CPU.ActiveCfg = Release|Any CPU
		{DF91FF69-2201-0685-8EF6-BCF37F0172A5}.Release|Any CPU.Build.0 = Release|Any CPU
	EndGlobalSection
	GlobalSection(SolutionProperties) = preSolution
		HideSolutionNode = FALSE
	EndGlobalSection
	GlobalSection(ExtensibilityGlobals) = postSolution
		SolutionGuid = {D8440CCB-D2FF-4FE9-A35D-16A41A832510}
	EndGlobalSection
EndGlobal
